
Microsoft Visual Studio Solution File, Format Version 12.00
# Visual Studio 2013
VisualStudioVersion = 12.0.21005.1
MinimumVisualStudioVersion = 10.0.40219.1
Project("{FAE04EC0-301F-11D3-BF4B-00C04F79EFBC}") = "DynamoAdvanceSteel", "DynamoAdvanceSteel\DynamoAdvanceSteel.csproj", "{DD6E77D3-94AC-4D22-95EA-67708F4A0A4A}"
	ProjectSection(ProjectDependencies) = postProject
		{133FC760-5699-46D9-BEA6-E816B5F01016} = {133FC760-5699-46D9-BEA6-E816B5F01016}
	EndProjectSection
EndProject
Project("{FAE04EC0-301F-11D3-BF4B-00C04F79EFBC}") = "AdvanceSteelNodes", "AdvanceSteelNodes\AdvanceSteelNodes.csproj", "{785BB90B-886C-411D-8D34-8F85E9479A9C}"
	ProjectSection(ProjectDependencies) = postProject
		{133FC760-5699-46D9-BEA6-E816B5F01016} = {133FC760-5699-46D9-BEA6-E816B5F01016}
	EndProjectSection
EndProject
Project("{FAE04EC0-301F-11D3-BF4B-00C04F79EFBC}") = "AdvanceSteelServices", "AdvanceSteelServices\AdvanceSteelServices.csproj", "{00ED013F-0B34-4A79-9760-A21FD14D4BD5}"
	ProjectSection(ProjectDependencies) = postProject
		{133FC760-5699-46D9-BEA6-E816B5F01016} = {133FC760-5699-46D9-BEA6-E816B5F01016}
	EndProjectSection
EndProject
Project("{FAE04EC0-301F-11D3-BF4B-00C04F79EFBC}") = "AssemblyInfoGenerator", "AssemblySharedInfoGenerator\AssemblyInfoGenerator.csproj", "{133FC760-5699-46D9-BEA6-E816B5F01016}"
EndProject
Global
	GlobalSection(SolutionConfigurationPlatforms) = preSolution
		Debug|Any CPU = Debug|Any CPU
		Release|Any CPU = Release|Any CPU
	EndGlobalSection
	GlobalSection(ProjectConfigurationPlatforms) = postSolution
		{DD6E77D3-94AC-4D22-95EA-67708F4A0A4A}.Debug|Any CPU.ActiveCfg = Debug|Any CPU
		{DD6E77D3-94AC-4D22-95EA-67708F4A0A4A}.Debug|Any CPU.Build.0 = Debug|Any CPU
		{DD6E77D3-94AC-4D22-95EA-67708F4A0A4A}.Release|Any CPU.ActiveCfg = Release|Any CPU
		{DD6E77D3-94AC-4D22-95EA-67708F4A0A4A}.Release|Any CPU.Build.0 = Release|Any CPU
		{785BB90B-886C-411D-8D34-8F85E9479A9C}.Debug|Any CPU.ActiveCfg = Debug|Any CPU
		{785BB90B-886C-411D-8D34-8F85E9479A9C}.Debug|Any CPU.Build.0 = Debug|Any CPU
		{785BB90B-886C-411D-8D34-8F85E9479A9C}.Release|Any CPU.ActiveCfg = Release|Any CPU
		{785BB90B-886C-411D-8D34-8F85E9479A9C}.Release|Any CPU.Build.0 = Release|Any CPU
		{00ED013F-0B34-4A79-9760-A21FD14D4BD5}.Debug|Any CPU.ActiveCfg = Debug|Any CPU
		{00ED013F-0B34-4A79-9760-A21FD14D4BD5}.Debug|Any CPU.Build.0 = Debug|Any CPU
		{00ED013F-0B34-4A79-9760-A21FD14D4BD5}.Release|Any CPU.ActiveCfg = Release|Any CPU
		{00ED013F-0B34-4A79-9760-A21FD14D4BD5}.Release|Any CPU.Build.0 = Release|Any CPU
		{133FC760-5699-46D9-BEA6-E816B5F01016}.Debug|Any CPU.ActiveCfg = Debug|Any CPU
		{133FC760-5699-46D9-BEA6-E816B5F01016}.Debug|Any CPU.Build.0 = Debug|Any CPU
		{133FC760-5699-46D9-BEA6-E816B5F01016}.Release|Any CPU.ActiveCfg = Release|Any CPU
		{133FC760-5699-46D9-BEA6-E816B5F01016}.Release|Any CPU.Build.0 = Release|Any CPU
	EndGlobalSection
	GlobalSection(SolutionProperties) = preSolution
		HideSolutionNode = FALSE
	EndGlobalSection
EndGlobal
